// !$*UTF8*$!
{
	archiveVersion = 1;
	classes = {
	};
	objectVersion = 46;
	objects = {

/* Begin PBXBuildFile section */
		A805A8531FCE3A5B00274577 /* CCIScrollbarScroller.m in Sources */ = {isa = PBXBuildFile; fileRef = A805A8471FCE3A5900274577 /* CCIScrollbarScroller.m */; };
		A805A8541FCE3A5B00274577 /* CCIScrollbarArrowButton.m in Sources */ = {isa = PBXBuildFile; fileRef = A805A84B1FCE3A5A00274577 /* CCIScrollbarArrowButton.m */; };
		A805A8551FCE3A5B00274577 /* CCIScrollbar.m in Sources */ = {isa = PBXBuildFile; fileRef = A805A84C1FCE3A5A00274577 /* CCIScrollbar.m */; };
		A805A8561FCE3A5B00274577 /* CCIScrollContentView.m in Sources */ = {isa = PBXBuildFile; fileRef = A805A84D1FCE3A5A00274577 /* CCIScrollContentView.m */; };
		A805A8571FCE3A5B00274577 /* CCIWindowGripButton.m in Sources */ = {isa = PBXBuildFile; fileRef = A805A8501FCE3A5B00274577 /* CCIWindowGripButton.m */; };
		A805A8581FCE3A5B00274577 /* CCIScrollView.m in Sources */ = {isa = PBXBuildFile; fileRef = A805A8511FCE3A5B00274577 /* CCIScrollView.m */; };
		A805A85B1FD2912000274577 /* CCIClassicContentView.m in Sources */ = {isa = PBXBuildFile; fileRef = A805A85A1FD2911F00274577 /* CCIClassicContentView.m */; };
		A805A85E1FD3A37D00274577 /* CCIApplicationStyles.m in Sources */ = {isa = PBXBuildFile; fileRef = A805A85D1FD3A37D00274577 /* CCIApplicationStyles.m */; };
		A805A863200343CC00274577 /* CFRFileSystemUtils.m in Sources */ = {isa = PBXBuildFile; fileRef = A805A862200343CC00274577 /* CFRFileSystemUtils.m */; };
		A885B1CE1E59457100F1AB96 /* AppDelegate.m in Sources */ = {isa = PBXBuildFile; fileRef = A885B1CD1E59457100F1AB96 /* AppDelegate.m */; };
		A885B1D11E59457100F1AB96 /* main.m in Sources */ = {isa = PBXBuildFile; fileRef = A885B1D01E59457100F1AB96 /* main.m */; };
		A885B1D31E59457100F1AB96 /* Assets.xcassets in Resources */ = {isa = PBXBuildFile; fileRef = A885B1D21E59457100F1AB96 /* Assets.xcassets */; };
		A885B1D61E59457100F1AB96 /* MainMenu.xib in Resources */ = {isa = PBXBuildFile; fileRef = A885B1D41E59457100F1AB96 /* MainMenu.xib */; };
		A885B1E11E59457100F1AB96 /* Classic_FinderTests.m in Sources */ = {isa = PBXBuildFile; fileRef = A885B1E01E59457100F1AB96 /* Classic_FinderTests.m */; };
		A885B1EC1E59457100F1AB96 /* Classic_FinderUITests.m in Sources */ = {isa = PBXBuildFile; fileRef = A885B1EB1E59457100F1AB96 /* Classic_FinderUITests.m */; };
		A885B1FC1E59475D00F1AB96 /* CCICloseButton.m in Sources */ = {isa = PBXBuildFile; fileRef = A885B1FB1E59475D00F1AB96 /* CCICloseButton.m */; };
		A885B1FF1E594CAB00F1AB96 /* CCIMaximizeButton.m in Sources */ = {isa = PBXBuildFile; fileRef = A885B1FE1E594CAB00F1AB96 /* CCIMaximizeButton.m */; };
		A885B2021E594EE900F1AB96 /* CCITitleBar.m in Sources */ = {isa = PBXBuildFile; fileRef = A885B2011E594EE900F1AB96 /* CCITitleBar.m */; };
		A885B2051E59741000F1AB96 /* CCIClassicFolderIcon.m in Sources */ = {isa = PBXBuildFile; fileRef = A885B2041E59741000F1AB96 /* CCIClassicFolderIcon.m */; };
		A885B2081E597AE300F1AB96 /* CCIClassicFolder.m in Sources */ = {isa = PBXBuildFile; fileRef = A885B2071E597AE300F1AB96 /* CCIClassicFolder.m */; };
		A885B2111E59923B00F1AB96 /* CCIClassicFinderWindow.m in Sources */ = {isa = PBXBuildFile; fileRef = A885B2101E59923B00F1AB96 /* CCIClassicFinderWindow.m */; };
		A885B2141E5AA6A900F1AB96 /* CCIClassicFinderDetailBar.m in Sources */ = {isa = PBXBuildFile; fileRef = A885B2131E5AA6A900F1AB96 /* CCIClassicFinderDetailBar.m */; };
		A8D82F611F80914C00B437F1 /* CFRWindowManager.m in Sources */ = {isa = PBXBuildFile; fileRef = A8D82F5F1F80914B00B437F1 /* CFRWindowManager.m */; };
		A8D82F671F849C3900B437F1 /* CCIClassicFileIcon.m in Sources */ = {isa = PBXBuildFile; fileRef = A8D82F661F849C3900B437F1 /* CCIClassicFileIcon.m */; };
		A8D82F6A1F85E4A500B437F1 /* CCIClassicFile.m in Sources */ = {isa = PBXBuildFile; fileRef = A8D82F691F85E4A500B437F1 /* CCIClassicFile.m */; };
		A8D82F6D1F872C9700B437F1 /* CCIClassicFinderWindowController.m in Sources */ = {isa = PBXBuildFile; fileRef = A8D82F6C1F872C9700B437F1 /* CCIClassicFinderWindowController.m */; };
		A8D82F701F872D9C00B437F1 /* CFRFileSystemOperations.m in Sources */ = {isa = PBXBuildFile; fileRef = A8D82F6F1F872D9C00B437F1 /* CFRFileSystemOperations.m */; };
		A8D82F731F9D2F5B00B437F1 /* license.txt in Resources */ = {isa = PBXBuildFile; fileRef = A8D82F721F9D2F5B00B437F1 /* license.txt */; };
/* End PBXBuildFile section */

/* Begin PBXContainerItemProxy section */
		A885B1DD1E59457100F1AB96 /* PBXContainerItemProxy */ = {
			isa = PBXContainerItemProxy;
			containerPortal = A885B1C11E59457000F1AB96 /* Project object */;
			proxyType = 1;
			remoteGlobalIDString = A885B1C81E59457100F1AB96;
			remoteInfo = "Classic Finder";
		};
		A885B1E81E59457100F1AB96 /* PBXContainerItemProxy */ = {
			isa = PBXContainerItemProxy;
			containerPortal = A885B1C11E59457000F1AB96 /* Project object */;
			proxyType = 1;
			remoteGlobalIDString = A885B1C81E59457100F1AB96;
			remoteInfo = "Classic Finder";
		};
/* End PBXContainerItemProxy section */

/* Begin PBXFileReference section */
		A805A8471FCE3A5900274577 /* CCIScrollbarScroller.m */ = {isa = PBXFileReference; fileEncoding = 4; lastKnownFileType = sourcecode.c.objc; path = CCIScrollbarScroller.m; sourceTree = "<group>"; };
		A805A8481FCE3A5900274577 /* CCIWindowGripButton.h */ = {isa = PBXFileReference; fileEncoding = 4; lastKnownFileType = sourcecode.c.h; path = CCIWindowGripButton.h; sourceTree = "<group>"; };
		A805A8491FCE3A5900274577 /* CCIScrollbarScroller.h */ = {isa = PBXFileReference; fileEncoding = 4; lastKnownFileType = sourcecode.c.h; path = CCIScrollbarScroller.h; sourceTree = "<group>"; };
		A805A84A1FCE3A5A00274577 /* CCIScrollbarArrowButton.h */ = {isa = PBXFileReference; fileEncoding = 4; lastKnownFileType = sourcecode.c.h; path = CCIScrollbarArrowButton.h; sourceTree = "<group>"; };
		A805A84B1FCE3A5A00274577 /* CCIScrollbarArrowButton.m */ = {isa = PBXFileReference; fileEncoding = 4; lastKnownFileType = sourcecode.c.objc; path = CCIScrollbarArrowButton.m; sourceTree = "<group>"; };
		A805A84C1FCE3A5A00274577 /* CCIScrollbar.m */ = {isa = PBXFileReference; fileEncoding = 4; lastKnownFileType = sourcecode.c.objc; path = CCIScrollbar.m; sourceTree = "<group>"; };
		A805A84D1FCE3A5A00274577 /* CCIScrollContentView.m */ = {isa = PBXFileReference; fileEncoding = 4; lastKnownFileType = sourcecode.c.objc; path = CCIScrollContentView.m; sourceTree = "<group>"; };
		A805A84E1FCE3A5A00274577 /* CCIScrollbar.h */ = {isa = PBXFileReference; fileEncoding = 4; lastKnownFileType = sourcecode.c.h; path = CCIScrollbar.h; sourceTree = "<group>"; };
		A805A84F1FCE3A5A00274577 /* CCIScrollView.h */ = {isa = PBXFileReference; fileEncoding = 4; lastKnownFileType = sourcecode.c.h; path = CCIScrollView.h; sourceTree = "<group>"; };
		A805A8501FCE3A5B00274577 /* CCIWindowGripButton.m */ = {isa = PBXFileReference; fileEncoding = 4; lastKnownFileType = sourcecode.c.objc; path = CCIWindowGripButton.m; sourceTree = "<group>"; };
		A805A8511FCE3A5B00274577 /* CCIScrollView.m */ = {isa = PBXFileReference; fileEncoding = 4; lastKnownFileType = sourcecode.c.objc; path = CCIScrollView.m; sourceTree = "<group>"; };
		A805A8521FCE3A5B00274577 /* CCIScrollContentView.h */ = {isa = PBXFileReference; fileEncoding = 4; lastKnownFileType = sourcecode.c.h; path = CCIScrollContentView.h; sourceTree = "<group>"; };
		A805A8591FD2911F00274577 /* CCIClassicContentView.h */ = {isa = PBXFileReference; fileEncoding = 4; lastKnownFileType = sourcecode.c.h; path = CCIClassicContentView.h; sourceTree = "<group>"; };
		A805A85A1FD2911F00274577 /* CCIClassicContentView.m */ = {isa = PBXFileReference; fileEncoding = 4; lastKnownFileType = sourcecode.c.objc; path = CCIClassicContentView.m; sourceTree = "<group>"; };
		A805A85C1FD3A37D00274577 /* CCIApplicationStyles.h */ = {isa = PBXFileReference; lastKnownFileType = sourcecode.c.h; path = CCIApplicationStyles.h; sourceTree = "<group>"; };
		A805A85D1FD3A37D00274577 /* CCIApplicationStyles.m */ = {isa = PBXFileReference; lastKnownFileType = sourcecode.c.objc; path = CCIApplicationStyles.m; sourceTree = "<group>"; };
		A805A861200343CC00274577 /* CFRFileSystemUtils.h */ = {isa = PBXFileReference; lastKnownFileType = sourcecode.c.h; path = CFRFileSystemUtils.h; sourceTree = "<group>"; };
		A805A862200343CC00274577 /* CFRFileSystemUtils.m */ = {isa = PBXFileReference; lastKnownFileType = sourcecode.c.objc; path = CFRFileSystemUtils.m; sourceTree = "<group>"; };
		A885B1C91E59457100F1AB96 /* Classic Finder.app */ = {isa = PBXFileReference; explicitFileType = wrapper.application; includeInIndex = 0; path = "Classic Finder.app"; sourceTree = BUILT_PRODUCTS_DIR; };
		A885B1CC1E59457100F1AB96 /* AppDelegate.h */ = {isa = PBXFileReference; lastKnownFileType = sourcecode.c.h; path = AppDelegate.h; sourceTree = "<group>"; };
		A885B1CD1E59457100F1AB96 /* AppDelegate.m */ = {isa = PBXFileReference; lastKnownFileType = sourcecode.c.objc; path = AppDelegate.m; sourceTree = "<group>"; };
		A885B1D01E59457100F1AB96 /* main.m */ = {isa = PBXFileReference; lastKnownFileType = sourcecode.c.objc; path = main.m; sourceTree = "<group>"; };
		A885B1D21E59457100F1AB96 /* Assets.xcassets */ = {isa = PBXFileReference; lastKnownFileType = folder.assetcatalog; path = Assets.xcassets; sourceTree = "<group>"; };
		A885B1D51E59457100F1AB96 /* Base */ = {isa = PBXFileReference; lastKnownFileType = file.xib; name = Base; path = Base.lproj/MainMenu.xib; sourceTree = "<group>"; };
		A885B1D71E59457100F1AB96 /* Info.plist */ = {isa = PBXFileReference; lastKnownFileType = text.plist.xml; path = Info.plist; sourceTree = "<group>"; };
		A885B1DC1E59457100F1AB96 /* Classic FinderTests.xctest */ = {isa = PBXFileReference; explicitFileType = wrapper.cfbundle; includeInIndex = 0; path = "Classic FinderTests.xctest"; sourceTree = BUILT_PRODUCTS_DIR; };
		A885B1E01E59457100F1AB96 /* Classic_FinderTests.m */ = {isa = PBXFileReference; lastKnownFileType = sourcecode.c.objc; path = Classic_FinderTests.m; sourceTree = "<group>"; };
		A885B1E21E59457100F1AB96 /* Info.plist */ = {isa = PBXFileReference; lastKnownFileType = text.plist.xml; path = Info.plist; sourceTree = "<group>"; };
		A885B1E71E59457100F1AB96 /* Classic FinderUITests.xctest */ = {isa = PBXFileReference; explicitFileType = wrapper.cfbundle; includeInIndex = 0; path = "Classic FinderUITests.xctest"; sourceTree = BUILT_PRODUCTS_DIR; };
		A885B1EB1E59457100F1AB96 /* Classic_FinderUITests.m */ = {isa = PBXFileReference; lastKnownFileType = sourcecode.c.objc; path = Classic_FinderUITests.m; sourceTree = "<group>"; };
		A885B1ED1E59457100F1AB96 /* Info.plist */ = {isa = PBXFileReference; lastKnownFileType = text.plist.xml; path = Info.plist; sourceTree = "<group>"; };
		A885B1FA1E59475D00F1AB96 /* CCICloseButton.h */ = {isa = PBXFileReference; fileEncoding = 4; lastKnownFileType = sourcecode.c.h; path = CCICloseButton.h; sourceTree = "<group>"; };
		A885B1FB1E59475D00F1AB96 /* CCICloseButton.m */ = {isa = PBXFileReference; fileEncoding = 4; lastKnownFileType = sourcecode.c.objc; path = CCICloseButton.m; sourceTree = "<group>"; };
		A885B1FD1E594CAB00F1AB96 /* CCIMaximizeButton.h */ = {isa = PBXFileReference; fileEncoding = 4; lastKnownFileType = sourcecode.c.h; path = CCIMaximizeButton.h; sourceTree = "<group>"; };
		A885B1FE1E594CAB00F1AB96 /* CCIMaximizeButton.m */ = {isa = PBXFileReference; fileEncoding = 4; lastKnownFileType = sourcecode.c.objc; path = CCIMaximizeButton.m; sourceTree = "<group>"; };
		A885B2001E594EE900F1AB96 /* CCITitleBar.h */ = {isa = PBXFileReference; fileEncoding = 4; lastKnownFileType = sourcecode.c.h; path = CCITitleBar.h; sourceTree = "<group>"; };
		A885B2011E594EE900F1AB96 /* CCITitleBar.m */ = {isa = PBXFileReference; fileEncoding = 4; lastKnownFileType = sourcecode.c.objc; path = CCITitleBar.m; sourceTree = "<group>"; };
		A885B2031E59741000F1AB96 /* CCIClassicFolderIcon.h */ = {isa = PBXFileReference; fileEncoding = 4; lastKnownFileType = sourcecode.c.h; path = CCIClassicFolderIcon.h; sourceTree = "<group>"; };
		A885B2041E59741000F1AB96 /* CCIClassicFolderIcon.m */ = {isa = PBXFileReference; fileEncoding = 4; lastKnownFileType = sourcecode.c.objc; path = CCIClassicFolderIcon.m; sourceTree = "<group>"; };
		A885B2061E597AE300F1AB96 /* CCIClassicFolder.h */ = {isa = PBXFileReference; fileEncoding = 4; lastKnownFileType = sourcecode.c.h; path = CCIClassicFolder.h; sourceTree = "<group>"; };
		A885B2071E597AE300F1AB96 /* CCIClassicFolder.m */ = {isa = PBXFileReference; fileEncoding = 4; lastKnownFileType = sourcecode.c.objc; path = CCIClassicFolder.m; sourceTree = "<group>"; };
		A885B20F1E59923B00F1AB96 /* CCIClassicFinderWindow.h */ = {isa = PBXFileReference; fileEncoding = 4; lastKnownFileType = sourcecode.c.h; path = CCIClassicFinderWindow.h; sourceTree = "<group>"; };
		A885B2101E59923B00F1AB96 /* CCIClassicFinderWindow.m */ = {isa = PBXFileReference; fileEncoding = 4; lastKnownFileType = sourcecode.c.objc; path = CCIClassicFinderWindow.m; sourceTree = "<group>"; };
		A885B2121E5AA6A900F1AB96 /* CCIClassicFinderDetailBar.h */ = {isa = PBXFileReference; fileEncoding = 4; lastKnownFileType = sourcecode.c.h; path = CCIClassicFinderDetailBar.h; sourceTree = "<group>"; };
		A885B2131E5AA6A900F1AB96 /* CCIClassicFinderDetailBar.m */ = {isa = PBXFileReference; fileEncoding = 4; lastKnownFileType = sourcecode.c.objc; path = CCIClassicFinderDetailBar.m; sourceTree = "<group>"; };
		A8D82F5F1F80914B00B437F1 /* CFRWindowManager.m */ = {isa = PBXFileReference; fileEncoding = 4; lastKnownFileType = sourcecode.c.objc; path = CFRWindowManager.m; sourceTree = "<group>"; };
		A8D82F601F80914B00B437F1 /* CFRWindowManager.h */ = {isa = PBXFileReference; fileEncoding = 4; lastKnownFileType = sourcecode.c.h; path = CFRWindowManager.h; sourceTree = "<group>"; };
		A8D82F651F849C3900B437F1 /* CCIClassicFileIcon.h */ = {isa = PBXFileReference; lastKnownFileType = sourcecode.c.h; path = CCIClassicFileIcon.h; sourceTree = "<group>"; };
		A8D82F661F849C3900B437F1 /* CCIClassicFileIcon.m */ = {isa = PBXFileReference; lastKnownFileType = sourcecode.c.objc; path = CCIClassicFileIcon.m; sourceTree = "<group>"; };
		A8D82F681F85E4A500B437F1 /* CCIClassicFile.h */ = {isa = PBXFileReference; lastKnownFileType = sourcecode.c.h; path = CCIClassicFile.h; sourceTree = "<group>"; };
		A8D82F691F85E4A500B437F1 /* CCIClassicFile.m */ = {isa = PBXFileReference; lastKnownFileType = sourcecode.c.objc; path = CCIClassicFile.m; sourceTree = "<group>"; };
		A8D82F6B1F872C9700B437F1 /* CCIClassicFinderWindowController.h */ = {isa = PBXFileReference; lastKnownFileType = sourcecode.c.h; path = CCIClassicFinderWindowController.h; sourceTree = "<group>"; };
		A8D82F6C1F872C9700B437F1 /* CCIClassicFinderWindowController.m */ = {isa = PBXFileReference; lastKnownFileType = sourcecode.c.objc; path = CCIClassicFinderWindowController.m; sourceTree = "<group>"; };
		A8D82F6E1F872D9C00B437F1 /* CFRFileSystemOperations.h */ = {isa = PBXFileReference; lastKnownFileType = sourcecode.c.h; path = CFRFileSystemOperations.h; sourceTree = "<group>"; };
		A8D82F6F1F872D9C00B437F1 /* CFRFileSystemOperations.m */ = {isa = PBXFileReference; lastKnownFileType = sourcecode.c.objc; path = CFRFileSystemOperations.m; sourceTree = "<group>"; };
		A8D82F711F88A4E800B437F1 /* CCIFinderIconProtocol.h */ = {isa = PBXFileReference; lastKnownFileType = sourcecode.c.h; path = CCIFinderIconProtocol.h; sourceTree = "<group>"; };
		A8D82F721F9D2F5B00B437F1 /* license.txt */ = {isa = PBXFileReference; lastKnownFileType = text; path = license.txt; sourceTree = "<group>"; };
/* End PBXFileReference section */

/* Begin PBXFrameworksBuildPhase section */
		A885B1C61E59457100F1AB96 /* Frameworks */ = {
			isa = PBXFrameworksBuildPhase;
			buildActionMask = 2147483647;
			files = (
			);
			runOnlyForDeploymentPostprocessing = 0;
		};
		A885B1D91E59457100F1AB96 /* Frameworks */ = {
			isa = PBXFrameworksBuildPhase;
			buildActionMask = 2147483647;
			files = (
			);
			runOnlyForDeploymentPostprocessing = 0;
		};
		A885B1E41E59457100F1AB96 /* Frameworks */ = {
			isa = PBXFrameworksBuildPhase;
			buildActionMask = 2147483647;
			files = (
			);
			runOnlyForDeploymentPostprocessing = 0;
		};
/* End PBXFrameworksBuildPhase section */

/* Begin PBXGroup section */
		A885B1C01E59457000F1AB96 = {
			isa = PBXGroup;
			children = (
				A885B1CB1E59457100F1AB96 /* Classic Finder */,
				A885B1DF1E59457100F1AB96 /* Classic FinderTests */,
				A885B1EA1E59457100F1AB96 /* Classic FinderUITests */,
				A885B1CA1E59457100F1AB96 /* Products */,
			);
			sourceTree = "<group>";
		};
		A885B1CA1E59457100F1AB96 /* Products */ = {
			isa = PBXGroup;
			children = (
				A885B1C91E59457100F1AB96 /* Classic Finder.app */,
				A885B1DC1E59457100F1AB96 /* Classic FinderTests.xctest */,
				A885B1E71E59457100F1AB96 /* Classic FinderUITests.xctest */,
			);
			name = Products;
			sourceTree = "<group>";
		};
		A885B1CB1E59457100F1AB96 /* Classic Finder */ = {
			isa = PBXGroup;
			children = (
				A8D82F601F80914B00B437F1 /* CFRWindowManager.h */,
				A8D82F5F1F80914B00B437F1 /* CFRWindowManager.m */,
				A885B1F91E59466700F1AB96 /* UI Components */,
				A885B1CC1E59457100F1AB96 /* AppDelegate.h */,
				A885B1CD1E59457100F1AB96 /* AppDelegate.m */,
				A885B1D21E59457100F1AB96 /* Assets.xcassets */,
				A885B1D41E59457100F1AB96 /* MainMenu.xib */,
				A885B1D71E59457100F1AB96 /* Info.plist */,
				A885B1CF1E59457100F1AB96 /* Supporting Files */,
				A8D82F6B1F872C9700B437F1 /* CCIClassicFinderWindowController.h */,
				A8D82F6C1F872C9700B437F1 /* CCIClassicFinderWindowController.m */,
				A8D82F6E1F872D9C00B437F1 /* CFRFileSystemOperations.h */,
				A8D82F6F1F872D9C00B437F1 /* CFRFileSystemOperations.m */,
				A8D82F721F9D2F5B00B437F1 /* license.txt */,
				A805A861200343CC00274577 /* CFRFileSystemUtils.h */,
				A805A862200343CC00274577 /* CFRFileSystemUtils.m */,
			);
			path = "Classic Finder";
			sourceTree = "<group>";
		};
		A885B1CF1E59457100F1AB96 /* Supporting Files */ = {
			isa = PBXGroup;
			children = (
				A885B1D01E59457100F1AB96 /* main.m */,
			);
			name = "Supporting Files";
			sourceTree = "<group>";
		};
		A885B1DF1E59457100F1AB96 /* Classic FinderTests */ = {
			isa = PBXGroup;
			children = (
				A885B1E01E59457100F1AB96 /* Classic_FinderTests.m */,
				A885B1E21E59457100F1AB96 /* Info.plist */,
			);
			path = "Classic FinderTests";
			sourceTree = "<group>";
		};
		A885B1EA1E59457100F1AB96 /* Classic FinderUITests */ = {
			isa = PBXGroup;
			children = (
				A885B1EB1E59457100F1AB96 /* Classic_FinderUITests.m */,
				A885B1ED1E59457100F1AB96 /* Info.plist */,
			);
			path = "Classic FinderUITests";
			sourceTree = "<group>";
		};
		A885B1F91E59466700F1AB96 /* UI Components */ = {
			isa = PBXGroup;
			children = (
				A805A8591FD2911F00274577 /* CCIClassicContentView.h */,
				A805A85A1FD2911F00274577 /* CCIClassicContentView.m */,
				A805A84E1FCE3A5A00274577 /* CCIScrollbar.h */,
				A805A84C1FCE3A5A00274577 /* CCIScrollbar.m */,
				A805A84A1FCE3A5A00274577 /* CCIScrollbarArrowButton.h */,
				A805A84B1FCE3A5A00274577 /* CCIScrollbarArrowButton.m */,
				A805A8491FCE3A5900274577 /* CCIScrollbarScroller.h */,
				A805A8471FCE3A5900274577 /* CCIScrollbarScroller.m */,
				A805A8521FCE3A5B00274577 /* CCIScrollContentView.h */,
				A805A84D1FCE3A5A00274577 /* CCIScrollContentView.m */,
				A805A84F1FCE3A5A00274577 /* CCIScrollView.h */,
				A805A8511FCE3A5B00274577 /* CCIScrollView.m */,
				A805A8481FCE3A5900274577 /* CCIWindowGripButton.h */,
				A805A8501FCE3A5B00274577 /* CCIWindowGripButton.m */,
				A885B1FA1E59475D00F1AB96 /* CCICloseButton.h */,
				A885B1FB1E59475D00F1AB96 /* CCICloseButton.m */,
				A885B1FD1E594CAB00F1AB96 /* CCIMaximizeButton.h */,
				A885B1FE1E594CAB00F1AB96 /* CCIMaximizeButton.m */,
				A885B2001E594EE900F1AB96 /* CCITitleBar.h */,
				A885B2011E594EE900F1AB96 /* CCITitleBar.m */,
				A885B2031E59741000F1AB96 /* CCIClassicFolderIcon.h */,
				A885B2041E59741000F1AB96 /* CCIClassicFolderIcon.m */,
				A885B2061E597AE300F1AB96 /* CCIClassicFolder.h */,
				A885B2071E597AE300F1AB96 /* CCIClassicFolder.m */,
				A885B20F1E59923B00F1AB96 /* CCIClassicFinderWindow.h */,
				A885B2101E59923B00F1AB96 /* CCIClassicFinderWindow.m */,
				A885B2121E5AA6A900F1AB96 /* CCIClassicFinderDetailBar.h */,
				A885B2131E5AA6A900F1AB96 /* CCIClassicFinderDetailBar.m */,
				A8D82F651F849C3900B437F1 /* CCIClassicFileIcon.h */,
				A8D82F661F849C3900B437F1 /* CCIClassicFileIcon.m */,
				A8D82F681F85E4A500B437F1 /* CCIClassicFile.h */,
				A8D82F691F85E4A500B437F1 /* CCIClassicFile.m */,
				A8D82F711F88A4E800B437F1 /* CCIFinderIconProtocol.h */,
				A805A85C1FD3A37D00274577 /* CCIApplicationStyles.h */,
				A805A85D1FD3A37D00274577 /* CCIApplicationStyles.m */,
			);
			name = "UI Components";
			sourceTree = "<group>";
		};
/* End PBXGroup section */

/* Begin PBXNativeTarget section */
		A885B1C81E59457100F1AB96 /* Classic Finder */ = {
			isa = PBXNativeTarget;
			buildConfigurationList = A885B1F01E59457100F1AB96 /* Build configuration list for PBXNativeTarget "Classic Finder" */;
			buildPhases = (
				A885B1C51E59457100F1AB96 /* Sources */,
				A885B1C61E59457100F1AB96 /* Frameworks */,
				A885B1C71E59457100F1AB96 /* Resources */,
			);
			buildRules = (
			);
			dependencies = (
			);
			name = "Classic Finder";
			productName = "Classic Finder";
			productReference = A885B1C91E59457100F1AB96 /* Classic Finder.app */;
			productType = "com.apple.product-type.application";
		};
		A885B1DB1E59457100F1AB96 /* Classic FinderTests */ = {
			isa = PBXNativeTarget;
			buildConfigurationList = A885B1F31E59457100F1AB96 /* Build configuration list for PBXNativeTarget "Classic FinderTests" */;
			buildPhases = (
				A885B1D81E59457100F1AB96 /* Sources */,
				A885B1D91E59457100F1AB96 /* Frameworks */,
				A885B1DA1E59457100F1AB96 /* Resources */,
			);
			buildRules = (
			);
			dependencies = (
				A885B1DE1E59457100F1AB96 /* PBXTargetDependency */,
			);
			name = "Classic FinderTests";
			productName = "Classic FinderTests";
			productReference = A885B1DC1E59457100F1AB96 /* Classic FinderTests.xctest */;
			productType = "com.apple.product-type.bundle.unit-test";
		};
		A885B1E61E59457100F1AB96 /* Classic FinderUITests */ = {
			isa = PBXNativeTarget;
			buildConfigurationList = A885B1F61E59457100F1AB96 /* Build configuration list for PBXNativeTarget "Classic FinderUITests" */;
			buildPhases = (
				A885B1E31E59457100F1AB96 /* Sources */,
				A885B1E41E59457100F1AB96 /* Frameworks */,
				A885B1E51E59457100F1AB96 /* Resources */,
			);
			buildRules = (
			);
			dependencies = (
				A885B1E91E59457100F1AB96 /* PBXTargetDependency */,
			);
			name = "Classic FinderUITests";
			productName = "Classic FinderUITests";
			productReference = A885B1E71E59457100F1AB96 /* Classic FinderUITests.xctest */;
			productType = "com.apple.product-type.bundle.ui-testing";
		};
/* End PBXNativeTarget section */

/* Begin PBXProject section */
		A885B1C11E59457000F1AB96 /* Project object */ = {
			isa = PBXProject;
			attributes = {
				LastUpgradeCheck = 0820;
				ORGANIZATIONNAME = "Protype Software Ltd.";
				TargetAttributes = {
					A885B1C81E59457100F1AB96 = {
						CreatedOnToolsVersion = 8.2.1;
						ProvisioningStyle = Automatic;
					};
					A885B1DB1E59457100F1AB96 = {
						CreatedOnToolsVersion = 8.2.1;
						ProvisioningStyle = Automatic;
						TestTargetID = A885B1C81E59457100F1AB96;
					};
					A885B1E61E59457100F1AB96 = {
						CreatedOnToolsVersion = 8.2.1;
						ProvisioningStyle = Automatic;
						TestTargetID = A885B1C81E59457100F1AB96;
					};
				};
			};
			buildConfigurationList = A885B1C41E59457000F1AB96 /* Build configuration list for PBXProject "Classic Finder" */;
			compatibilityVersion = "Xcode 3.2";
			developmentRegion = English;
			hasScannedForEncodings = 0;
			knownRegions = (
				en,
				Base,
			);
			mainGroup = A885B1C01E59457000F1AB96;
			productRefGroup = A885B1CA1E59457100F1AB96 /* Products */;
			projectDirPath = "";
			projectRoot = "";
			targets = (
				A885B1C81E59457100F1AB96 /* Classic Finder */,
				A885B1DB1E59457100F1AB96 /* Classic FinderTests */,
				A885B1E61E59457100F1AB96 /* Classic FinderUITests */,
			);
		};
/* End PBXProject section */

/* Begin PBXResourcesBuildPhase section */
		A885B1C71E59457100F1AB96 /* Resources */ = {
			isa = PBXResourcesBuildPhase;
			buildActionMask = 2147483647;
			files = (
				A8D82F731F9D2F5B00B437F1 /* license.txt in Resources */,
				A885B1D31E59457100F1AB96 /* Assets.xcassets in Resources */,
				A885B1D61E59457100F1AB96 /* MainMenu.xib in Resources */,
			);
			runOnlyForDeploymentPostprocessing = 0;
		};
		A885B1DA1E59457100F1AB96 /* Resources */ = {
			isa = PBXResourcesBuildPhase;
			buildActionMask = 2147483647;
			files = (
			);
			runOnlyForDeploymentPostprocessing = 0;
		};
		A885B1E51E59457100F1AB96 /* Resources */ = {
			isa = PBXResourcesBuildPhase;
			buildActionMask = 2147483647;
			files = (
			);
			runOnlyForDeploymentPostprocessing = 0;
		};
/* End PBXResourcesBuildPhase section */

/* Begin PBXSourcesBuildPhase section */
		A885B1C51E59457100F1AB96 /* Sources */ = {
			isa = PBXSourcesBuildPhase;
			buildActionMask = 2147483647;
			files = (
				A805A8531FCE3A5B00274577 /* CCIScrollbarScroller.m in Sources */,
				A805A85B1FD2912000274577 /* CCIClassicContentView.m in Sources */,
				A885B2111E59923B00F1AB96 /* CCIClassicFinderWindow.m in Sources */,
				A885B2141E5AA6A900F1AB96 /* CCIClassicFinderDetailBar.m in Sources */,
				A8D82F671F849C3900B437F1 /* CCIClassicFileIcon.m in Sources */,
				A805A8551FCE3A5B00274577 /* CCIScrollbar.m in Sources */,
				A805A8561FCE3A5B00274577 /* CCIScrollContentView.m in Sources */,
				A805A8541FCE3A5B00274577 /* CCIScrollbarArrowButton.m in Sources */,
				A805A8571FCE3A5B00274577 /* CCIWindowGripButton.m in Sources */,
				A885B2021E594EE900F1AB96 /* CCITitleBar.m in Sources */,
				A8D82F701F872D9C00B437F1 /* CFRFileSystemOperations.m in Sources */,
				A8D82F611F80914C00B437F1 /* CFRWindowManager.m in Sources */,
				A885B2051E59741000F1AB96 /* CCIClassicFolderIcon.m in Sources */,
				A885B2081E597AE300F1AB96 /* CCIClassicFolder.m in Sources */,
				A8D82F6A1F85E4A500B437F1 /* CCIClassicFile.m in Sources */,
				A885B1D11E59457100F1AB96 /* main.m in Sources */,
				A8D82F6D1F872C9700B437F1 /* CCIClassicFinderWindowController.m in Sources */,
				A885B1FF1E594CAB00F1AB96 /* CCIMaximizeButton.m in Sources */,
				A805A8581FCE3A5B00274577 /* CCIScrollView.m in Sources */,
				A805A863200343CC00274577 /* CFRFileSystemUtils.m in Sources */,
				A885B1FC1E59475D00F1AB96 /* CCICloseButton.m in Sources */,
				A805A85E1FD3A37D00274577 /* CCIApplicationStyles.m in Sources */,
				A885B1CE1E59457100F1AB96 /* AppDelegate.m in Sources */,
			);
			runOnlyForDeploymentPostprocessing = 0;
		};
		A885B1D81E59457100F1AB96 /* Sources */ = {
			isa = PBXSourcesBuildPhase;
			buildActionMask = 2147483647;
			files = (
				A885B1E11E59457100F1AB96 /* Classic_FinderTests.m in Sources */,
			);
			runOnlyForDeploymentPostprocessing = 0;
		};
		A885B1E31E59457100F1AB96 /* Sources */ = {
			isa = PBXSourcesBuildPhase;
			buildActionMask = 2147483647;
			files = (
				A885B1EC1E59457100F1AB96 /* Classic_FinderUITests.m in Sources */,
			);
			runOnlyForDeploymentPostprocessing = 0;
		};
/* End PBXSourcesBuildPhase section */

/* Begin PBXTargetDependency section */
		A885B1DE1E59457100F1AB96 /* PBXTargetDependency */ = {
			isa = PBXTargetDependency;
			target = A885B1C81E59457100F1AB96 /* Classic Finder */;
			targetProxy = A885B1DD1E59457100F1AB96 /* PBXContainerItemProxy */;
		};
		A885B1E91E59457100F1AB96 /* PBXTargetDependency */ = {
			isa = PBXTargetDependency;
			target = A885B1C81E59457100F1AB96 /* Classic Finder */;
			targetProxy = A885B1E81E59457100F1AB96 /* PBXContainerItemProxy */;
		};
/* End PBXTargetDependency section */

/* Begin PBXVariantGroup section */
		A885B1D41E59457100F1AB96 /* MainMenu.xib */ = {
			isa = PBXVariantGroup;
			children = (
				A885B1D51E59457100F1AB96 /* Base */,
			);
			name = MainMenu.xib;
			sourceTree = "<group>";
		};
/* End PBXVariantGroup section */

/* Begin XCBuildConfiguration section */
		A885B1EE1E59457100F1AB96 /* Debug */ = {
			isa = XCBuildConfiguration;
			buildSettings = {
				ALWAYS_SEARCH_USER_PATHS = NO;
				CLANG_ANALYZER_NONNULL = YES;
				CLANG_CXX_LANGUAGE_STANDARD = "gnu++0x";
				CLANG_CXX_LIBRARY = "libc++";
				CLANG_ENABLE_MODULES = YES;
				CLANG_ENABLE_OBJC_ARC = YES;
				CLANG_WARN_BOOL_CONVERSION = YES;
				CLANG_WARN_CONSTANT_CONVERSION = YES;
				CLANG_WARN_DIRECT_OBJC_ISA_USAGE = YES_ERROR;
				CLANG_WARN_DOCUMENTATION_COMMENTS = YES;
				CLANG_WARN_EMPTY_BODY = YES;
				CLANG_WARN_ENUM_CONVERSION = YES;
				CLANG_WARN_INFINITE_RECURSION = YES;
				CLANG_WARN_INT_CONVERSION = YES;
				CLANG_WARN_OBJC_ROOT_CLASS = YES_ERROR;
				CLANG_WARN_SUSPICIOUS_MOVE = YES;
				CLANG_WARN_UNREACHABLE_CODE = YES;
				CLANG_WARN__DUPLICATE_METHOD_MATCH = YES;
				CODE_SIGN_IDENTITY = "-";
				COPY_PHASE_STRIP = NO;
				DEBUG_INFORMATION_FORMAT = dwarf;
				ENABLE_STRICT_OBJC_MSGSEND = YES;
				ENABLE_TESTABILITY = YES;
				GCC_C_LANGUAGE_STANDARD = gnu99;
				GCC_DYNAMIC_NO_PIC = NO;
				GCC_NO_COMMON_BLOCKS = YES;
				GCC_OPTIMIZATION_LEVEL = 0;
				GCC_PREPROCESSOR_DEFINITIONS = (
					"DEBUG=1",
					"$(inherited)",
				);
				GCC_WARN_64_TO_32_BIT_CONVERSION = YES;
				GCC_WARN_ABOUT_RETURN_TYPE = YES_ERROR;
				GCC_WARN_UNDECLARED_SELECTOR = YES;
				GCC_WARN_UNINITIALIZED_AUTOS = YES_AGGRESSIVE;
				GCC_WARN_UNUSED_FUNCTION = YES;
				GCC_WARN_UNUSED_VARIABLE = YES;
				MACOSX_DEPLOYMENT_TARGET = 10.12;
				MTL_ENABLE_DEBUG_INFO = YES;
				ONLY_ACTIVE_ARCH = YES;
				SDKROOT = macosx;
			};
			name = Debug;
		};
		A885B1EF1E59457100F1AB96 /* Release */ = {
			isa = XCBuildConfiguration;
			buildSettings = {
				ALWAYS_SEARCH_USER_PATHS = NO;
				CLANG_ANALYZER_NONNULL = YES;
				CLANG_CXX_LANGUAGE_STANDARD = "gnu++0x";
				CLANG_CXX_LIBRARY = "libc++";
				CLANG_ENABLE_MODULES = YES;
				CLANG_ENABLE_OBJC_ARC = YES;
				CLANG_WARN_BOOL_CONVERSION = YES;
				CLANG_WARN_CONSTANT_CONVERSION = YES;
				CLANG_WARN_DIRECT_OBJC_ISA_USAGE = YES_ERROR;
				CLANG_WARN_DOCUMENTATION_COMMENTS = YES;
				CLANG_WARN_EMPTY_BODY = YES;
				CLANG_WARN_ENUM_CONVERSION = YES;
				CLANG_WARN_INFINITE_RECURSION = YES;
				CLANG_WARN_INT_CONVERSION = YES;
				CLANG_WARN_OBJC_ROOT_CLASS = YES_ERROR;
				CLANG_WARN_SUSPICIOUS_MOVE = YES;
				CLANG_WARN_UNREACHABLE_CODE = YES;
				CLANG_WARN__DUPLICATE_METHOD_MATCH = YES;
				CODE_SIGN_IDENTITY = "-";
				COPY_PHASE_STRIP = NO;
				DEBUG_INFORMATION_FORMAT = "dwarf-with-dsym";
				ENABLE_NS_ASSERTIONS = NO;
				ENABLE_STRICT_OBJC_MSGSEND = YES;
				GCC_C_LANGUAGE_STANDARD = gnu99;
				GCC_NO_COMMON_BLOCKS = YES;
				GCC_WARN_64_TO_32_BIT_CONVERSION = YES;
				GCC_WARN_ABOUT_RETURN_TYPE = YES_ERROR;
				GCC_WARN_UNDECLARED_SELECTOR = YES;
				GCC_WARN_UNINITIALIZED_AUTOS = YES_AGGRESSIVE;
				GCC_WARN_UNUSED_FUNCTION = YES;
				GCC_WARN_UNUSED_VARIABLE = YES;
				MACOSX_DEPLOYMENT_TARGET = 10.12;
				MTL_ENABLE_DEBUG_INFO = NO;
				SDKROOT = macosx;
			};
			name = Release;
		};
		A885B1F11E59457100F1AB96 /* Debug */ = {
			isa = XCBuildConfiguration;
			buildSettings = {
				ASSETCATALOG_COMPILER_APPICON_NAME = AppIcon;
				COMBINE_HIDPI_IMAGES = YES;
				INFOPLIST_FILE = "Classic Finder/Info.plist";
				LD_RUNPATH_SEARCH_PATHS = "$(inherited) @executable_path/../Frameworks";
				PRODUCT_BUNDLE_IDENTIFIER = "com.classicmacfinder.Classic-Finder";
				PRODUCT_NAME = "$(TARGET_NAME)";
			};
			name = Debug;
		};
		A885B1F21E59457100F1AB96 /* Release */ = {
			isa = XCBuildConfiguration;
			buildSettings = {
				ASSETCATALOG_COMPILER_APPICON_NAME = AppIcon;
				COMBINE_HIDPI_IMAGES = YES;
				INFOPLIST_FILE = "Classic Finder/Info.plist";
				LD_RUNPATH_SEARCH_PATHS = "$(inherited) @executable_path/../Frameworks";
				PRODUCT_BUNDLE_IDENTIFIER = "com.classicmacfinder.Classic-Finder";
				PRODUCT_NAME = "$(TARGET_NAME)";
			};
			name = Release;
		};
		A885B1F41E59457100F1AB96 /* Debug */ = {
			isa = XCBuildConfiguration;
			buildSettings = {
				BUNDLE_LOADER = "$(TEST_HOST)";
				COMBINE_HIDPI_IMAGES = YES;
				INFOPLIST_FILE = "Classic FinderTests/Info.plist";
				LD_RUNPATH_SEARCH_PATHS = "$(inherited) @executable_path/../Frameworks @loader_path/../Frameworks";
				PRODUCT_BUNDLE_IDENTIFIER = "com.protypesoftware.Classic-FinderTests";
				PRODUCT_NAME = "$(TARGET_NAME)";
				TEST_HOST = "$(BUILT_PRODUCTS_DIR)/Classic Finder.app/Contents/MacOS/Classic Finder";
			};
			name = Debug;
		};
		A885B1F51E59457100F1AB96 /* Release */ = {
			isa = XCBuildConfiguration;
			buildSettings = {
				BUNDLE_LOADER = "$(TEST_HOST)";
				COMBINE_HIDPI_IMAGES = YES;
				INFOPLIST_FILE = "Classic FinderTests/Info.plist";
				LD_RUNPATH_SEARCH_PATHS = "$(inherited) @executable_path/../Frameworks @loader_path/../Frameworks";
				PRODUCT_BUNDLE_IDENTIFIER = "com.protypesoftware.Classic-FinderTests";
				PRODUCT_NAME = "$(TARGET_NAME)";
				TEST_HOST = "$(BUILT_PRODUCTS_DIR)/Classic Finder.app/Contents/MacOS/Classic Finder";
			};
			name = Release;
		};
		A885B1F71E59457100F1AB96 /* Debug */ = {
			isa = XCBuildConfiguration;
			buildSettings = {
				COMBINE_HIDPI_IMAGES = YES;
				INFOPLIST_FILE = "Classic FinderUITests/Info.plist";
				LD_RUNPATH_SEARCH_PATHS = "$(inherited) @executable_path/../Frameworks @loader_path/../Frameworks";
				PRODUCT_BUNDLE_IDENTIFIER = "com.protypesoftware.Classic-FinderUITests";
				PRODUCT_NAME = "$(TARGET_NAME)";
				TEST_TARGET_NAME = "Classic Finder";
			};
			name = Debug;
		};
		A885B1F81E59457100F1AB96 /* Release */ = {
			isa = XCBuildConfiguration;
			buildSettings = {
				COMBINE_HIDPI_IMAGES = YES;
				INFOPLIST_FILE = "Classic FinderUITests/Info.plist";
				LD_RUNPATH_SEARCH_PATHS = "$(inherited) @executable_path/../Frameworks @loader_path/../Frameworks";
				PRODUCT_BUNDLE_IDENTIFIER = "com.protypesoftware.Classic-FinderUITests";
				PRODUCT_NAME = "$(TARGET_NAME)";
				TEST_TARGET_NAME = "Classic Finder";
			};
			name = Release;
		};
/* End XCBuildConfiguration section */

/* Begin XCConfigurationList section */
		A885B1C41E59457000F1AB96 /* Build configuration list for PBXProject "Classic Finder" */ = {
			isa = XCConfigurationList;
			buildConfigurations = (
				A885B1EE1E59457100F1AB96 /* Debug */,
				A885B1EF1E59457100F1AB96 /* Release */,
			);
			defaultConfigurationIsVisible = 0;
			defaultConfigurationName = Release;
		};
		A885B1F01E59457100F1AB96 /* Build configuration list for PBXNativeTarget "Classic Finder" */ = {
			isa = XCConfigurationList;
			buildConfigurations = (
				A885B1F11E59457100F1AB96 /* Debug */,
				A885B1F21E59457100F1AB96 /* Release */,
			);
			defaultConfigurationIsVisible = 0;
			defaultConfigurationName = Release;
		};
		A885B1F31E59457100F1AB96 /* Build configuration list for PBXNativeTarget "Classic FinderTests" */ = {
			isa = XCConfigurationList;
			buildConfigurations = (
				A885B1F41E59457100F1AB96 /* Debug */,
				A885B1F51E59457100F1AB96 /* Release */,
			);
			defaultConfigurationIsVisible = 0;
			defaultConfigurationName = Release;
		};
		A885B1F61E59457100F1AB96 /* Build configuration list for PBXNativeTarget "Classic FinderUITests" */ = {
			isa = XCConfigurationList;
			buildConfigurations = (
				A885B1F71E59457100F1AB96 /* Debug */,
				A885B1F81E59457100F1AB96 /* Release */,
			);
			defaultConfigurationIsVisible = 0;
			defaultConfigurationName = Release;
		};
/* End XCConfigurationList section */
	};
	rootObject = A885B1C11E59457000F1AB96 /* Project object */;
}
